Microsoft Visual Studio Solution File, Format Version 12.00
# Visual Studio Version 17
VisualStudioVersion = 17.5.2.0
MinimumVisualStudioVersion = 10.0.40219.1
Project("{FAE04EC0-301F-11D3-BF4B-00C04F79EFBC}") = "GambiarraAutoSave", "GambiarraAutoSave.csproj", "{06E088AA-465D-2E3C-1158-3154BC6E6804}"
EndProject
Global
	GlobalSection(SolutionConfigurationPlatforms) = preSolution
		Debug|Any CPU = Debug|Any CPU
		Release|Any CPU = Release|Any CPU
	EndGlobalSection
	GlobalSection(ProjectConfigurationPlatforms) = postSolution
		{06E088AA-465D-2E3C-1158-3154BC6E6804}.Debug|Any CPU.ActiveCfg = Debug|Any CPU
		{06E088AA-465D-2E3C-1158-3154BC6E6804}.Debug|Any CPU.Build.0 = Debug|Any CPU
		{06E088AA-465D-2E3C-1158-3154BC6E6804}.Release|Any CPU.ActiveCfg = Release|Any CPU
		{06E088AA-465D-2E3C-1158-3154BC6E6804}.Release|Any CPU.Build.0 = Release|Any CPU
	EndGlobalSection
	GlobalSection(SolutionProperties) = preSolution
		HideSolutionNode = FALSE
	EndGlobalSection
	GlobalSection(ExtensibilityGlobals) = postSolution
		SolutionGuid = {82F8FD5A-DC1D-448C-A6C3-7B46464B2036}
	EndGlobalSection
EndGlobal
